Microsoft Visual Studio Solution File, Format Version 12.00
# Visual Studio Version 17
VisualStudioVersion = 17.5.2.0
MinimumVisualStudioVersion = 10.0.40219.1
Project("{FAE04EC0-301F-11D3-BF4B-00C04F79EFBC}") = "Kurs_HTML", "Kurs_HTML.csproj", "{79A95FFD-068C-1493-9236-FDCF74E49074}"
EndProject
Global
	GlobalSection(SolutionConfigurationPlatforms) = preSolution
		Debug|Any CPU = Debug|Any CPU
		Release|Any CPU = Release|Any CPU
	EndGlobalSection
	GlobalSection(ProjectConfigurationPlatforms) = postSolution
		{79A95FFD-068C-1493-9236-FDCF74E49074}.Debug|Any CPU.ActiveCfg = Debug|Any CPU
		{79A95FFD-068C-1493-9236-FDCF74E49074}.Debug|Any CPU.Build.0 = Debug|Any CPU
		{79A95FFD-068C-1493-9236-FDCF74E49074}.Release|Any CPU.ActiveCfg = Release|Any CPU
		{79A95FFD-068C-1493-9236-FDCF74E49074}.Release|Any CPU.Build.0 = Release|Any CPU
	EndGlobalSection
	GlobalSection(SolutionProperties) = preSolution
		HideSolutionNode = FALSE
	EndGlobalSection
	GlobalSection(ExtensibilityGlobals) = postSolution
		SolutionGuid = {DC034F35-5477-407D-A62E-C4270DB43B98}
	EndGlobalSection
EndGlobal
